
Microsoft Visual Studio Solution File, Format Version 12.00
# Visual Studio Version 17
VisualStudioVersion = 17.14.36908.2 d17.14
MinimumVisualStudioVersion = 10.0.40219.1
Project("{FAE04EC0-301F-11D3-BF4B-00C04F79EFBC}") = "Uc_4_Antonia_Clinica", "Uc_4_Antonia_Clinica\Uc_4_Antonia_Clinica.csproj", "{F720F969-AF16-49AD-B8C1-AA93B53740DB}"
EndProject
Global
	GlobalSection(SolutionConfigurationPlatforms) = preSolution
		Debug|Any CPU = Debug|Any CPU
		Release|Any CPU = Release|Any CPU
	EndGlobalSection
	GlobalSection(ProjectConfigurationPlatforms) = postSolution
		{F720F969-AF16-49AD-B8C1-AA93B53740DB}.Debug|Any CPU.ActiveCfg = Debug|Any CPU
		{F720F969-AF16-49AD-B8C1-AA93B53740DB}.Debug|Any CPU.Build.0 = Debug|Any CPU
		{F720F969-AF16-49AD-B8C1-AA93B53740DB}.Release|Any CPU.ActiveCfg = Release|Any CPU
		{F720F969-AF16-49AD-B8C1-AA93B53740DB}.Release|Any CPU.Build.0 = Release|Any CPU
	EndGlobalSection
	GlobalSection(SolutionProperties) = preSolution
		HideSolutionNode = FALSE
	EndGlobalSection
	GlobalSection(ExtensibilityGlobals) = postSolution
		SolutionGuid = {BD45FD98-18A0-471A-BEE0-76F4799A165E}
	EndGlobalSection
EndGlobal
